{
  "name": "gelf2azure",
  "version": "0.1.0",
  "lockfileVersion": 3,
  "requires": true,
  "packages": {
    "": {
      "name": "gelf2azure",
      "version": "0.1.0",
      "dependencies": {
        "graygelf": "^2.0.0"
      }
    },
    "node_modules/graygelf": {
      "version": "2.0.0",
      "resolved": "https://registry.npmjs.org/graygelf/-/graygelf-2.0.0.tgz",
      "integrity": "sha512-S2w2KC5UnOLh3GJeuYSTyv9BDsxxlhD5+eQv8+96Rgc3zhC77oo7/JqpVZ2hnxAa/RL2MD1bbGI/HPf0BqqLxQ==",
      "dependencies": {
        "split": "^1.0.1"
      },
      "engines": {
        "node": ">= 10.0"
      },
      "optionalDependencies": {
        "microtime": "^3.0.0"
      }
    },
    "node_modules/microtime": {
      "version": "3.0.0",
      "resolved": "https://registry.npmjs.org/microtime/-/microtime-3.0.0.tgz",
      "integrity": "sha512-SirJr7ZL4ow2iWcb54bekS4aWyBQNVcEDBiwAz9D/sTgY59A+uE8UJU15cp5wyZmPBwg/3zf8lyCJ5NUe1nVlQ==",
      "hasInstallScript": true,
      "optional": true,
      "dependencies": {
        "node-addon-api": "^1.2.0",
        "node-gyp-build": "^3.8.0"
      },
      "engines": {
        "node": ">= 4.0.0"
      }
    },
    "node_modules/node-addon-api": {
      "version": "1.7.2",
      "resolved": "https://registry.npmjs.org/node-addon-api/-/node-addon-api-1.7.2.tgz",
      "integrity": "sha512-ibPK3iA+vaY1eEjESkQkM0BbCqFOaZMiXRTtdB0u7b4djtY6JnsjvPdUHVMg6xQt3B8fpTTWHI9A+ADjM9frzg==",
      "optional": true
    },
    "node_modules/node-gyp-build": {
      "version": "3.9.0",
      "resolved": "https://registry.npmjs.org/node-gyp-build/-/node-gyp-build-3.9.0.tgz",
      "integrity": "sha512-zLcTg6P4AbcHPq465ZMFNXx7XpKKJh+7kkN699NiQWisR2uWYOWNWqRHAmbnmKiL4e9aLSlmy5U7rEMUXV59+A==",
      "optional": true,
      "bin": {
        "node-gyp-build": "bin.js",
        "node-gyp-build-optional": "optional.js",
        "node-gyp-build-test": "build-test.js"
      }
    },
    "node_modules/split": {
      "version": "1.0.1",
      "resolved": "https://registry.npmjs.org/split/-/split-1.0.1.tgz",
      "integrity": "sha512-mTyOoPbrivtXnwnIxZRFYRrPNtEFKlpB2fvjSnCQUiAA6qAZzqwna5envK4uk6OIeP17CsdF3rSBGYVBsU0Tkg==",
      "dependencies": {
        "through": "2"
      },
      "engines": {
        "node": "*"
      }
    },
    "node_modules/through": {
      "version": "2.3.8",
      "resolved": "https://registry.npmjs.org/through/-/through-2.3.8.tgz",
      "integrity": "sha1-DdTJ/6q8NXlgsbckEV1+Doai4fU="
    }
  }
}
